// !$*UTF8*$!
{
	archiveVersion = 1;
	classes = {
	};
	objectVersion = 56;
	objects = {

/* Begin PBXBuildFile section */
		716142E72A963E4D00CF8CD7 /* Simple_Network__Call_With_MVVMApp.swift in Sources */ = {isa = PBXBuildFile; fileRef = 716142E62A963E4D00CF8CD7 /* Simple_Network__Call_With_MVVMApp.swift */; };
		716142E92A963E4D00CF8CD7 /* ProductListView.swift in Sources */ = {isa = PBXBuildFile; fileRef = 716142E82A963E4D00CF8CD7 /* ProductListView.swift */; };
		716142EB2A963E4F00CF8CD7 /* Assets.xcassets in Resources */ = {isa = PBXBuildFile; fileRef = 716142EA2A963E4F00CF8CD7 /* Assets.xcassets */; };
		716142EE2A963E4F00CF8CD7 /* Preview Assets.xcassets in Resources */ = {isa = PBXBuildFile; fileRef = 716142ED2A963E4F00CF8CD7 /* Preview Assets.xcassets */; };
		716142F62A963E7400CF8CD7 /* NetworkManager.swift in Sources */ = {isa = PBXBuildFile; fileRef = 716142F52A963E7400CF8CD7 /* NetworkManager.swift */; };
		716142FB2A96474900CF8CD7 /* ProductsDataModel.swift in Sources */ = {isa = PBXBuildFile; fileRef = 716142FA2A96474900CF8CD7 /* ProductsDataModel.swift */; };
		716142FD2A96485700CF8CD7 /* ProductsViewModel.swift in Sources */ = {isa = PBXBuildFile; fileRef = 716142FC2A96485700CF8CD7 /* ProductsViewModel.swift */; };
/* End PBXBuildFile section */

/* Begin PBXFileReference section */
		716142E32A963E4D00CF8CD7 /* Simple Network  Call With MVVM.app */ = {isa = PBXFileReference; explicitFileType = wrapper.application; includeInIndex = 0; path = "Simple Network  Call With MVVM.app"; sourceTree = BUILT_PRODUCTS_DIR; };
		716142E62A963E4D00CF8CD7 /* Simple_Network__Call_With_MVVMApp.swift */ = {isa = PBXFileReference; lastKnownFileType = sourcecode.swift; path = Simple_Network__Call_With_MVVMApp.swift; sourceTree = "<group>"; };
		716142E82A963E4D00CF8CD7 /* ProductListView.swift */ = {isa = PBXFileReference; lastKnownFileType = sourcecode.swift; path = ProductListView.swift; sourceTree = "<group>"; };
		716142EA2A963E4F00CF8CD7 /* Assets.xcassets */ = {isa = PBXFileReference; lastKnownFileType = folder.assetcatalog; path = Assets.xcassets; sourceTree = "<group>"; };
		716142ED2A963E4F00CF8CD7 /* Preview Assets.xcassets */ = {isa = PBXFileReference; lastKnownFileType = folder.assetcatalog; path = "Preview Assets.xcassets"; sourceTree = "<group>"; };
		716142F52A963E7400CF8CD7 /* NetworkManager.swift */ = {isa = PBXFileReference; lastKnownFileType = sourcecode.swift; path = NetworkManager.swift; sourceTree = "<group>"; };
		716142FA2A96474900CF8CD7 /* ProductsDataModel.swift */ = {isa = PBXFileReference; lastKnownFileType = sourcecode.swift; path = ProductsDataModel.swift; sourceTree = "<group>"; };
		716142FC2A96485700CF8CD7 /* ProductsViewModel.swift */ = {isa = PBXFileReference; lastKnownFileType = sourcecode.swift; path = ProductsViewModel.swift; sourceTree = "<group>"; };
/* End PBXFileReference section */

/* Begin PBXFrameworksBuildPhase section */
		716142E02A963E4D00CF8CD7 /* Frameworks */ = {
			isa = PBXFrameworksBuildPhase;
			buildActionMask = 2147483647;
			files = (
			);
			runOnlyForDeploymentPostprocessing = 0;
		};
/* End PBXFrameworksBuildPhase section */

/* Begin PBXGroup section */
		716142DA2A963E4D00CF8CD7 = {
			isa = PBXGroup;
			children = (
				716142E52A963E4D00CF8CD7 /* Simple Network  Call With MVVM */,
				716142E42A963E4D00CF8CD7 /* Products */,
			);
			sourceTree = "<group>";
		};
		716142E42A963E4D00CF8CD7 /* Products */ = {
			isa = PBXGroup;
			children = (
				716142E32A963E4D00CF8CD7 /* Simple Network  Call With MVVM.app */,
			);
			name = Products;
			sourceTree = "<group>";
		};
		716142E52A963E4D00CF8CD7 /* Simple Network  Call With MVVM */ = {
			isa = PBXGroup;
			children = (
				716142F92A96466D00CF8CD7 /* Model */,
				716142F82A96466600CF8CD7 /* View */,
				716142F72A96465B00CF8CD7 /* ViewModel */,
				716142F42A963E5D00CF8CD7 /* NetworkLayer */,
				716142E62A963E4D00CF8CD7 /* Simple_Network__Call_With_MVVMApp.swift */,
				716142EA2A963E4F00CF8CD7 /* Assets.xcassets */,
				716142EC2A963E4F00CF8CD7 /* Preview Content */,
			);
			path = "Simple Network  Call With MVVM";
			sourceTree = "<group>";
		};
		716142EC2A963E4F00CF8CD7 /* Preview Content */ = {
			isa = PBXGroup;
			children = (
				716142ED2A963E4F00CF8CD7 /* Preview Assets.xcassets */,
			);
			path = "Preview Content";
			sourceTree = "<group>";
		};
		716142F42A963E5D00CF8CD7 /* NetworkLayer */ = {
			isa = PBXGroup;
			children = (
				716142F52A963E7400CF8CD7 /* NetworkManager.swift */,
			);
			path = NetworkLayer;
			sourceTree = "<group>";
		};
		716142F72A96465B00CF8CD7 /* ViewModel */ = {
			isa = PBXGroup;
			children = (
				716142FC2A96485700CF8CD7 /* ProductsViewModel.swift */,
			);
			path = ViewModel;
			sourceTree = "<group>";
		};
		716142F82A96466600CF8CD7 /* View */ = {
			isa = PBXGroup;
			children = (
				716142E82A963E4D00CF8CD7 /* ProductListView.swift */,
			);
			path = View;
			sourceTree = "<group>";
		};
		716142F92A96466D00CF8CD7 /* Model */ = {
			isa = PBXGroup;
			children = (
				716142FA2A96474900CF8CD7 /* ProductsDataModel.swift */,
			);
			path = Model;
			sourceTree = "<group>";
		};
/* End PBXGroup section */

/* Begin PBXNativeTarget section */
		716142E22A963E4D00CF8CD7 /* Simple Network  Call With MVVM */ = {
			isa = PBXNativeTarget;
			buildConfigurationList = 716142F12A963E4F00CF8CD7 /* Build configuration list for PBXNativeTarget "Simple Network  Call With MVVM" */;
			buildPhases = (
				716142DF2A963E4D00CF8CD7 /* Sources */,
				716142E02A963E4D00CF8CD7 /* Frameworks */,
				716142E12A963E4D00CF8CD7 /* Resources */,
			);
			buildRules = (
			);
			dependencies = (
			);
			name = "Simple Network  Call With MVVM";
			productName = "Simple Network  Call With MVVM";
			productReference = 716142E32A963E4D00CF8CD7 /* Simple Network  Call With MVVM.app */;
			productType = "com.apple.product-type.application";
		};
/* End PBXNativeTarget section */

/* Begin PBXProject section */
		716142DB2A963E4D00CF8CD7 /* Project object */ = {
			isa = PBXProject;
			attributes = {
				BuildIndependentTargetsInParallel = 1;
				LastSwiftUpdateCheck = 1430;
				LastUpgradeCheck = 1430;
				TargetAttributes = {
					716142E22A963E4D00CF8CD7 = {
						CreatedOnToolsVersion = 14.3.1;
					};
				};
			};
			buildConfigurationList = 716142DE2A963E4D00CF8CD7 /* Build configuration list for PBXProject "Simple Network  Call With MVVM" */;
			compatibilityVersion = "Xcode 14.0";
			developmentRegion = en;
			hasScannedForEncodings = 0;
			knownRegions = (
				en,
				Base,
			);
			mainGroup = 716142DA2A963E4D00CF8CD7;
			productRefGroup = 716142E42A963E4D00CF8CD7 /* Products */;
			projectDirPath = "";
			projectRoot = "";
			targets = (
				716142E22A963E4D00CF8CD7 /* Simple Network  Call With MVVM */,
			);
		};
/* End PBXProject section */

/* Begin PBXResourcesBuildPhase section */
		716142E12A963E4D00CF8CD7 /* Resources */ = {
			isa = PBXResourcesBuildPhase;
			buildActionMask = 2147483647;
			files = (
				716142EE2A963E4F00CF8CD7 /* Preview Assets.xcassets in Resources */,
				716142EB2A963E4F00CF8CD7 /* Assets.xcassets in Resources */,
			);
			runOnlyForDeploymentPostprocessing = 0;
		};
/* End PBXResourcesBuildPhase section */

/* Begin PBXSourcesBuildPhase section */
		716142DF2A963E4D00CF8CD7 /* Sources */ = {
			isa = PBXSourcesBuildPhase;
			buildActionMask = 2147483647;
			files = (
				716142E92A963E4D00CF8CD7 /* ProductListView.swift in Sources */,
				716142FB2A96474900CF8CD7 /* ProductsDataModel.swift in Sources */,
				716142F62A963E7400CF8CD7 /* NetworkManager.swift in Sources */,
				716142FD2A96485700CF8CD7 /* ProductsViewModel.swift in Sources */,
				716142E72A963E4D00CF8CD7 /* Simple_Network__Call_With_MVVMApp.swift in Sources */,
			);
			runOnlyForDeploymentPostprocessing = 0;
		};
/* End PBXSourcesBuildPhase section */

/* Begin XCBuildConfiguration section */
		716142EF2A963E4F00CF8CD7 /* Debug */ = {
			isa = XCBuildConfiguration;
			buildSettings = {
				ALWAYS_SEARCH_USER_PATHS = NO;
				CLANG_ANALYZER_NONNULL = YES;
				CLANG_ANALYZER_NUMBER_OBJECT_CONVERSION = YES_AGGRESSIVE;
				CLANG_CXX_LANGUAGE_STANDARD = "gnu++20";
				CLANG_ENABLE_MODULES = YES;
				CLANG_ENABLE_OBJC_ARC = YES;
				CLANG_ENABLE_OBJC_WEAK = YES;
				CLANG_WARN_BLOCK_CAPTURE_AUTORELEASING = YES;
				CLANG_WARN_BOOL_CONVERSION = YES;
				CLANG_WARN_COMMA = YES;
				CLANG_WARN_CONSTANT_CONVERSION = YES;
				CLANG_WARN_DEPRECATED_OBJC_IMPLEMENTATIONS = YES;
				CLANG_WARN_DIRECT_OBJC_ISA_USAGE = YES_ERROR;
				CLANG_WARN_DOCUMENTATION_COMMENTS = YES;
				CLANG_WARN_EMPTY_BODY = YES;
				CLANG_WARN_ENUM_CONVERSION = YES;
				CLANG_WARN_INFINITE_RECURSION = YES;
				CLANG_WARN_INT_CONVERSION = YES;
				CLANG_WARN_NON_LITERAL_NULL_CONVERSION = YES;
				CLANG_WARN_OBJC_IMPLICIT_RETAIN_SELF = YES;
				CLANG_WARN_OBJC_LITERAL_CONVERSION = YES;
				CLANG_WARN_OBJC_ROOT_CLASS = YES_ERROR;
				CLANG_WARN_QUOTED_INCLUDE_IN_FRAMEWORK_HEADER = YES;
				CLANG_WARN_RANGE_LOOP_ANALYSIS = YES;
				CLANG_WARN_STRICT_PROTOTYPES = YES;
				CLANG_WARN_SUSPICIOUS_MOVE = YES;
				CLANG_WARN_UNGUARDED_AVAILABILITY = YES_AGGRESSIVE;
				CLANG_WARN_UNREACHABLE_CODE = YES;
				CLANG_WARN__DUPLICATE_METHOD_MATCH = YES;
				COPY_PHASE_STRIP = NO;
				DEBUG_INFORMATION_FORMAT = dwarf;
				ENABLE_STRICT_OBJC_MSGSEND = YES;
				ENABLE_TESTABILITY = YES;
				GCC_C_LANGUAGE_STANDARD = gnu11;
				GCC_DYNAMIC_NO_PIC = NO;
				GCC_NO_COMMON_BLOCKS = YES;
				GCC_OPTIMIZATION_LEVEL = 0;
				GCC_PREPROCESSOR_DEFINITIONS = (
					"DEBUG=1",
					"$(inherited)",
				);
				GCC_WARN_64_TO_32_BIT_CONVERSION = YES;
				GCC_WARN_ABOUT_RETURN_TYPE = YES_ERROR;
				GCC_WARN_UNDECLARED_SELECTOR = YES;
				GCC_WARN_UNINITIALIZED_AUTOS = YES_AGGRESSIVE;
				GCC_WARN_UNUSED_FUNCTION = YES;
				GCC_WARN_UNUSED_VARIABLE = YES;
				IPHONEOS_DEPLOYMENT_TARGET = 16.4;
				MTL_ENABLE_DEBUG_INFO = INCLUDE_SOURCE;
				MTL_FAST_MATH = YES;
				ONLY_ACTIVE_ARCH = YES;
				SDKROOT = iphoneos;
				SWIFT_ACTIVE_COMPILATION_CONDITIONS = DEBUG;
				SWIFT_OPTIMIZATION_LEVEL = "-Onone";
			};
			name = Debug;
		};
		716142F02A963E4F00CF8CD7 /* Release */ = {
			isa = XCBuildConfiguration;
			buildSettings = {
				ALWAYS_SEARCH_USER_PATHS = NO;
				CLANG_ANALYZER_NONNULL = YES;
				CLANG_ANALYZER_NUMBER_OBJECT_CONVERSION = YES_AGGRESSIVE;
				CLANG_CXX_LANGUAGE_STANDARD = "gnu++20";
				CLANG_ENABLE_MODULES = YES;
				CLANG_ENABLE_OBJC_ARC = YES;
				CLANG_ENABLE_OBJC_WEAK = YES;
				CLANG_WARN_BLOCK_CAPTURE_AUTORELEASING = YES;
				CLANG_WARN_BOOL_CONVERSION = YES;
				CLANG_WARN_COMMA = YES;
				CLANG_WARN_CONSTANT_CONVERSION = YES;
				CLANG_WARN_DEPRECATED_OBJC_IMPLEMENTATIONS = YES;
				CLANG_WARN_DIRECT_OBJC_ISA_USAGE = YES_ERROR;
				CLANG_WARN_DOCUMENTATION_COMMENTS = YES;
				CLANG_WARN_EMPTY_BODY = YES;
				CLANG_WARN_ENUM_CONVERSION = YES;
				CLANG_WARN_INFINITE_RECURSION = YES;
				CLANG_WARN_INT_CONVERSION = YES;
				CLANG_WARN_NON_LITERAL_NULL_CONVERSION = YES;
				CLANG_WARN_OBJC_IMPLICIT_RETAIN_SELF = YES;
				CLANG_WARN_OBJC_LITERAL_CONVERSION = YES;
				CLANG_WARN_OBJC_ROOT_CLASS = YES_ERROR;
				CLANG_WARN_QUOTED_INCLUDE_IN_FRAMEWORK_HEADER = YES;
				CLANG_WARN_RANGE_LOOP_ANALYSIS = YES;
				CLANG_WARN_STRICT_PROTOTYPES = YES;
				CLANG_WARN_SUSPICIOUS_MOVE = YES;
				CLANG_WARN_UNGUARDED_AVAILABILITY = YES_AGGRESSIVE;
				CLANG_WARN_UNREACHABLE_CODE = YES;
				CLANG_WARN__DUPLICATE_METHOD_MATCH = YES;
				COPY_PHASE_STRIP = NO;
				DEBUG_INFORMATION_FORMAT = "dwarf-with-dsym";
				ENABLE_NS_ASSERTIONS = NO;
				ENABLE_STRICT_OBJC_MSGSEND = YES;
				GCC_C_LANGUAGE_STANDARD = gnu11;
				GCC_NO_COMMON_BLOCKS = YES;
				GCC_WARN_64_TO_32_BIT_CONVERSION = YES;
				GCC_WARN_ABOUT_RETURN_TYPE = YES_ERROR;
				GCC_WARN_UNDECLARED_SELECTOR = YES;
				GCC_WARN_UNINITIALIZED_AUTOS = YES_AGGRESSIVE;
				GCC_WARN_UNUSED_FUNCTION = YES;
				GCC_WARN_UNUSED_VARIABLE = YES;
				IPHONEOS_DEPLOYMENT_TARGET = 16.4;
				MTL_ENABLE_DEBUG_INFO = NO;
				MTL_FAST_MATH = YES;
				SDKROOT = iphoneos;
				SWIFT_COMPILATION_MODE = wholemodule;
				SWIFT_OPTIMIZATION_LEVEL = "-O";
				VALIDATE_PRODUCT = YES;
			};
			name = Release;
		};
		716142F22A963E4F00CF8CD7 /* Debug */ = {
			isa = XCBuildConfiguration;
			buildSettings = {
				ASSETCATALOG_COMPILER_APPICON_NAME = AppIcon;
				ASSETCATALOG_COMPILER_GLOBAL_ACCENT_COLOR_NAME = AccentColor;
				CODE_SIGN_STYLE = Automatic;
				CURRENT_PROJECT_VERSION = 1;
				DEVELOPMENT_ASSET_PATHS = "\"Simple Network  Call With MVVM/Preview Content\"";
				DEVELOPMENT_TEAM = L568686545;
				ENABLE_PREVIEWS = YES;
				GENERATE_INFOPLIST_FILE = YES;
				INFOPLIST_KEY_UIApplicationSceneManifest_Generation = YES;
				INFOPLIST_KEY_UIApplicationSupportsIndirectInputEvents = YES;
				INFOPLIST_KEY_UILaunchScreen_Generation = YES;
				INFOPLIST_KEY_UISupportedInterfaceOrientations_iPad = "UIInterfaceOrientationPortrait UIInterfaceOrientationPortraitUpsideDown UIInterfaceOrientationLandscapeLeft UIInterfaceOrientationLandscapeRight";
				INFOPLIST_KEY_UISupportedInterfaceOrientations_iPhone = "UIInterfaceOrientationPortrait UIInterfaceOrientationLandscapeLeft UIInterfaceOrientationLandscapeRight";
				LD_RUNPATH_SEARCH_PATHS = (
					"$(inherited)",
					"@executable_path/Frameworks",
				);
				MARKETING_VERSION = 1.0;
				PRODUCT_BUNDLE_IDENTIFIER = "com.sam.Simple-Network--Call-With-MVVM";
				PRODUCT_NAME = "$(TARGET_NAME)";
				SWIFT_EMIT_LOC_STRINGS = YES;
				SWIFT_VERSION = 5.0;
				TARGETED_DEVICE_FAMILY = "1,2";
			};
			name = Debug;
		};
		716142F32A963E4F00CF8CD7 /* Release */ = {
			isa = XCBuildConfiguration;
			buildSettings = {
				ASSETCATALOG_COMPILER_APPICON_NAME = AppIcon;
				ASSETCATALOG_COMPILER_GLOBAL_ACCENT_COLOR_NAME = AccentColor;
				CODE_SIGN_STYLE = Automatic;
				CURRENT_PROJECT_VERSION = 1;
				DEVELOPMENT_ASSET_PATHS = "\"Simple Network  Call With MVVM/Preview Content\"";
				DEVELOPMENT_TEAM = L568686545;
				ENABLE_PREVIEWS = YES;
				GENERATE_INFOPLIST_FILE = YES;
				INFOPLIST_KEY_UIApplicationSceneManifest_Generation = YES;
				INFOPLIST_KEY_UIApplicationSupportsIndirectInputEvents = YES;
				INFOPLIST_KEY_UILaunchScreen_Generation = YES;
				INFOPLIST_KEY_UISupportedInterfaceOrientations_iPad = "UIInterfaceOrientationPortrait UIInterfaceOrientationPortraitUpsideDown UIInterfaceOrientationLandscapeLeft UIInterfaceOrientationLandscapeRight";
				INFOPLIST_KEY_UISupportedInterfaceOrientations_iPhone = "UIInterfaceOrientationPortrait UIInterfaceOrientationLandscapeLeft UIInterfaceOrientationLandscapeRight";
				LD_RUNPATH_SEARCH_PATHS = (
					"$(inherited)",
					"@executable_path/Frameworks",
				);
				MARKETING_VERSION = 1.0;
				PRODUCT_BUNDLE_IDENTIFIER = "com.sam.Simple-Network--Call-With-MVVM";
				PRODUCT_NAME = "$(TARGET_NAME)";
				SWIFT_EMIT_LOC_STRINGS = YES;
				SWIFT_VERSION = 5.0;
				TARGETED_DEVICE_FAMILY = "1,2";
			};
			name = Release;
		};
/* End XCBuildConfiguration section */

/* Begin XCConfigurationList section */
		716142DE2A963E4D00CF8CD7 /* Build configuration list for PBXProject "Simple Network  Call With MVVM" */ = {
			isa = XCConfigurationList;
			buildConfigurations = (
				716142EF2A963E4F00CF8CD7 /* Debug */,
				716142F02A963E4F00CF8CD7 /* Release */,
			);
			defaultConfigurationIsVisible = 0;
			defaultConfigurationName = Release;
		};
		716142F12A963E4F00CF8CD7 /* Build configuration list for PBXNativeTarget "Simple Network  Call With MVVM" */ = {
			isa = XCConfigurationList;
			buildConfigurations = (
				716142F22A963E4F00CF8CD7 /* Debug */,
				716142F32A963E4F00CF8CD7 /* Release */,
			);
			defaultConfigurationIsVisible = 0;
			defaultConfigurationName = Release;
		};
/* End XCConfigurationList section */
	};
	rootObject = 716142DB2A963E4D00CF8CD7 /* Project object */;
}
